
Microsoft Visual Studio Solution File, Format Version 12.00
# Visual Studio 15
Project("{FAE04EC0-301F-11D3-BF4B-00C04F79EFBC}") = "Assembly-CSharp", "Assembly-CSharp.csproj", "{95A30859-1890-B0AF-B146-1917F5A15F67}"
EndProject
Global
	GlobalSection(SolutionConfigurationPlatforms) = preSolution
		Debug|Any CPU = Debug|Any CPU
		Release|Any CPU = Release|Any CPU
	EndGlobalSection
	GlobalSection(ProjectConfigurationPlatforms) = postSolution
		{95A30859-1890-B0AF-B146-1917F5A15F67}.Debug|Any CPU.ActiveCfg = Debug|Any CPU
		{95A30859-1890-B0AF-B146-1917F5A15F67}.Debug|Any CPU.Build.0 = Debug|Any CPU
		{95A30859-1890-B0AF-B146-1917F5A15F67}.Release|Any CPU.ActiveCfg = Release|Any CPU
		{95A30859-1890-B0AF-B146-1917F5A15F67}.Release|Any CPU.Build.0 = Release|Any CPU
	EndGlobalSection
	GlobalSection(SolutionProperties) = preSolution
		HideSolutionNode = FALSE
	EndGlobalSection
EndGlobal
